
Microsoft Visual Studio Solution File, Format Version 12.00
# Visual Studio 14
VisualStudioVersion = 14.0.25420.1
MinimumVisualStudioVersion = 10.0.40219.1
Project("{FAE04EC0-301F-11D3-BF4B-00C04F79EFBC}") = "SpiderCrab.Agent", "SpiderCrab.Agent\SpiderCrab.Agent.csproj", "{6F3CEC0C-9E66-407F-89A3-D7B437476F54}"
EndProject
Project("{FAE04EC0-301F-11D3-BF4B-00C04F79EFBC}") = "SpiderCrab.Agent.Tests", "SpiderCrab.Agent.Tests\SpiderCrab.Agent.Tests.csproj", "{2C8AB367-D17F-4F1B-86CD-0C9FDED3DA05}"
EndProject
Global
	GlobalSection(SolutionConfigurationPlatforms) = preSolution
		Debug|Any CPU = Debug|Any CPU
		Release|Any CPU = Release|Any CPU
	EndGlobalSection
	GlobalSection(ProjectConfigurationPlatforms) = postSolution
		{6F3CEC0C-9E66-407F-89A3-D7B437476F54}.Debug|Any CPU.ActiveCfg = Debug|Any CPU
		{6F3CEC0C-9E66-407F-89A3-D7B437476F54}.Debug|Any CPU.Build.0 = Debug|Any CPU
		{6F3CEC0C-9E66-407F-89A3-D7B437476F54}.Release|Any CPU.ActiveCfg = Release|Any CPU
		{6F3CEC0C-9E66-407F-89A3-D7B437476F54}.Release|Any CPU.Build.0 = Release|Any CPU
		{2C8AB367-D17F-4F1B-86CD-0C9FDED3DA05}.Debug|Any CPU.ActiveCfg = Debug|Any CPU
		{2C8AB367-D17F-4F1B-86CD-0C9FDED3DA05}.Debug|Any CPU.Build.0 = Debug|Any CPU
		{2C8AB367-D17F-4F1B-86CD-0C9FDED3DA05}.Release|Any CPU.ActiveCfg = Release|Any CPU
		{2C8AB367-D17F-4F1B-86CD-0C9FDED3DA05}.Release|Any CPU.Build.0 = Release|Any CPU
	EndGlobalSection
	GlobalSection(SolutionProperties) = preSolution
		HideSolutionNode = FALSE
	EndGlobalSection
EndGlobal
